
Microsoft Visual Studio Solution File, Format Version 12.00
# Visual Studio Version 17
VisualStudioVersion = 17.11.35303.130
MinimumVisualStudioVersion = 10.0.40219.1
Project("{8BC9CEB8-8B4A-11D0-8D11-00A0C91BC942}") = "lab5.0", "lab5.0.vcxproj", "{5FFC2604-C7CF-4EC7-857A-157B74849BFA}"
EndProject
Global
	GlobalSection(SolutionConfigurationPlatforms) = preSolution
		Debug|x64 = Debug|x64
		Debug|x86 = Debug|x86
		Release|x64 = Release|x64
		Release|x86 = Release|x86
	EndGlobalSection
	GlobalSection(ProjectConfigurationPlatforms) = postSolution
		{5FFC2604-C7CF-4EC7-857A-157B74849BFA}.Debug|x64.ActiveCfg = Debug|x64
		{5FFC2604-C7CF-4EC7-857A-157B74849BFA}.Debug|x64.Build.0 = Debug|x64
		{5FFC2604-C7CF-4EC7-857A-157B74849BFA}.Debug|x86.ActiveCfg = Debug|Win32
		{5FFC2604-C7CF-4EC7-857A-157B74849BFA}.Debug|x86.Build.0 = Debug|Win32
		{5FFC2604-C7CF-4EC7-857A-157B74849BFA}.Release|x64.ActiveCfg = Release|x64
		{5FFC2604-C7CF-4EC7-857A-157B74849BFA}.Release|x64.Build.0 = Release|x64
		{5FFC2604-C7CF-4EC7-857A-157B74849BFA}.Release|x86.ActiveCfg = Release|Win32
		{5FFC2604-C7CF-4EC7-857A-157B74849BFA}.Release|x86.Build.0 = Release|Win32
	EndGlobalSection
	GlobalSection(SolutionProperties) = preSolution
		HideSolutionNode = FALSE
	EndGlobalSection
	GlobalSection(ExtensibilityGlobals) = postSolution
		SolutionGuid = {4EDD771E-F170-41C0-9DA7-4F79C99C188F}
	EndGlobalSection
EndGlobal
